
Microsoft Visual Studio Solution File, Format Version 12.00
Project("{FAE04EC0-301F-11D3-BF4B-00C04F79EFBC}") = "Billing", "Billing\Billing.csproj", "{53E3829D-B9A8-447C-B4B1-C435820B606E}"
EndProject
Project("{FAE04EC0-301F-11D3-BF4B-00C04F79EFBC}") = "Billing.Tests", "Billing.Tests\Billing.Tests.csproj", "{475500A7-61C5-4EF5-8C91-E82D5F512CD5}"
EndProject
Global
	GlobalSection(SolutionConfigurationPlatforms) = preSolution
		Debug|Any CPU = Debug|Any CPU
		Release|Any CPU = Release|Any CPU
	EndGlobalSection
	GlobalSection(ProjectConfigurationPlatforms) = postSolution
		{53E3829D-B9A8-447C-B4B1-C435820B606E}.Debug|Any CPU.ActiveCfg = Debug|Any CPU
		{53E3829D-B9A8-447C-B4B1-C435820B606E}.Debug|Any CPU.Build.0 = Debug|Any CPU
		{53E3829D-B9A8-447C-B4B1-C435820B606E}.Release|Any CPU.ActiveCfg = Release|Any CPU
		{53E3829D-B9A8-447C-B4B1-C435820B606E}.Release|Any CPU.Build.0 = Release|Any CPU
		{475500A7-61C5-4EF5-8C91-E82D5F512CD5}.Debug|Any CPU.ActiveCfg = Debug|Any CPU
		{475500A7-61C5-4EF5-8C91-E82D5F512CD5}.Debug|Any CPU.Build.0 = Debug|Any CPU
		{475500A7-61C5-4EF5-8C91-E82D5F512CD5}.Release|Any CPU.ActiveCfg = Release|Any CPU
		{475500A7-61C5-4EF5-8C91-E82D5F512CD5}.Release|Any CPU.Build.0 = Release|Any CPU
	EndGlobalSection
EndGlobal
